{
  "requires": true,
  "lockfileVersion": 1,
  "dependencies": {
    "@syncfusion/ej2-base": {
      "version": "17.3.16",
      "resolved": "https://registry.npmjs.org/@syncfusion/ej2-base/-/ej2-base-17.3.16.tgz",
      "integrity": "sha512-je31orbvGfOp2TOy2yDURmIhZplNAG4X7niU2VbWKVG+a6Cxf8xykVUPz2w8J25ovBM7T0D2Cq/KbYhFkXgNAw==",
      "requires": {
        "@syncfusion/ej2-icons": "~17.3.14"
      }
    },
    "@syncfusion/ej2-buttons": {
      "version": "17.3.16",
      "resolved": "https://registry.npmjs.org/@syncfusion/ej2-buttons/-/ej2-buttons-17.3.16.tgz",
      "integrity": "sha512-tttFAt5f6wFa+TfRqi/VH7/Sw2XaAJFDiANV8P5SPbMxn1UWvkxzJRXdL6eBStQJ26H1g4p/Xthax9JwhNMs5w==",
      "requires": {
        "@syncfusion/ej2-base": "~17.3.16"
      }
    },
    "@syncfusion/ej2-calendars": {
      "version": "17.3.17",
      "resolved": "https://registry.npmjs.org/@syncfusion/ej2-calendars/-/ej2-calendars-17.3.17.tgz",
      "integrity": "sha512-Q1GneMzQ3CTUA8+aWQqwR/BkT65mv8lFYRTlb2gqq3LE/JsKsf0w2LmOdftgj8v8IeMXLM0ycdbLU58Fy+IOHQ==",
      "requires": {
        "@syncfusion/ej2-base": "~17.3.16",
        "@syncfusion/ej2-buttons": "~17.3.16",
        "@syncfusion/ej2-inputs": "~17.3.17",
        "@syncfusion/ej2-lists": "~17.3.16",
        "@syncfusion/ej2-popups": "~17.3.16"
      }
    },
    "@syncfusion/ej2-compression": {
      "version": "17.3.14",
      "resolved": "https://registry.npmjs.org/@syncfusion/ej2-compression/-/ej2-compression-17.3.14.tgz",
      "integrity": "sha512-AibLdcvOQhlRN25/apBIfb2Eha+ghN9d7GhsPK8/dItETV42eRJntfXBRKqBaYnwje8FjuI8iOyZdTSg6unCYA==",
      "requires": {
        "@syncfusion/ej2-file-utils": "~17.3.14"
      }
    },
    "@syncfusion/ej2-data": {
      "version": "17.3.17",
      "resolved": "https://registry.npmjs.org/@syncfusion/ej2-data/-/ej2-data-17.3.17.tgz",
      "integrity": "sha512-pGn7wABVaUdgHnZafweWlabTJBhFRM0/gQWX/Albgce7Pi0StW573+SxCWmILlzO06WAfjugWp92+V2FtYEYxg==",
      "requires": {
        "@syncfusion/ej2-base": "~17.3.16"
      }
    },
    "@syncfusion/ej2-dropdowns": {
      "version": "17.3.17",
      "resolved": "https://registry.npmjs.org/@syncfusion/ej2-dropdowns/-/ej2-dropdowns-17.3.17.tgz",
      "integrity": "sha512-nO4o4vGevFs68BkKtGbfl23BnZZYhuEC9tyJgUX5oQ4pF7OoaM3qWXSqn35eb83Vvemb//pZLsuVLRhK7ME5zQ==",
      "requires": {
        "@syncfusion/ej2-base": "~17.3.16",
        "@syncfusion/ej2-data": "~17.3.14",
        "@syncfusion/ej2-inputs": "~17.3.17",
        "@syncfusion/ej2-lists": "~17.3.16",
        "@syncfusion/ej2-popups": "~17.3.16"
      }
    },
    "@syncfusion/ej2-excel-export": {
      "version": "17.3.17",
      "resolved": "https://registry.npmjs.org/@syncfusion/ej2-excel-export/-/ej2-excel-export-17.3.17.tgz",
      "integrity": "sha512-O6XTW+InEXFHPcrXiNgoKehlQcxrwDqdUQKQpXiBvZxfg/iR+hQscrBw2luVEnOERU2rqcm6Ady+lcFxL/ukuA==",
      "requires": {
        "@syncfusion/ej2-base": "~17.3.16",
        "@syncfusion/ej2-compression": "~17.3.14"
      }
    },
    "@syncfusion/ej2-file-utils": {
      "version": "17.3.14",
      "resolved": "https://registry.npmjs.org/@syncfusion/ej2-file-utils/-/ej2-file-utils-17.3.14.tgz",
      "integrity": "sha512-T8p854mzdI9AFjnq4hlPy8Zbv/kzcjadaXeuibuKAOUgaRqTpib8BV7pEU9hOu2vOG36BvivGkxKWYkMTn5maA=="
    },
    "@syncfusion/ej2-icons": {
      "version": "17.3.14",
      "resolved": "https://registry.npmjs.org/@syncfusion/ej2-icons/-/ej2-icons-17.3.14.tgz",
      "integrity": "sha512-mGqUf1KfPVhDIRgbvJJJ/bMBaBrAhszgqg/UnXeBJVMiktdHEx2aH2G6cV01xYKoDBeq+Lg9NZFMqdRt8IKrMQ=="
    },
    "@syncfusion/ej2-inputs": {
      "version": "17.3.17",
      "resolved": "https://registry.npmjs.org/@syncfusion/ej2-inputs/-/ej2-inputs-17.3.17.tgz",
      "integrity": "sha512-fNoh4Zo1SZCp/hAptIqvU4aPmI50gKmASc6wwCpolmjA38QWr58TgFi0/iCML2AZUnC8Glxt7tSCs7vU2pBm+A==",
      "requires": {
        "@syncfusion/ej2-base": "~17.3.16",
        "@syncfusion/ej2-buttons": "~17.3.16",
        "@syncfusion/ej2-popups": "~17.3.16",
        "@syncfusion/ej2-splitbuttons": "~17.3.14"
      }
    },
    "@syncfusion/ej2-lists": {
      "version": "17.3.16",
      "resolved": "https://registry.npmjs.org/@syncfusion/ej2-lists/-/ej2-lists-17.3.16.tgz",
      "integrity": "sha512-X0mDOaSXRSGC806dSJ9d1EQiO8lisb/c40amwCUz/1jIBjGWXj3Cd/PSuUdT+00m2c45MW3CHrPxz2WcXXY3oA==",
      "requires": {
        "@syncfusion/ej2-base": "~17.3.16",
        "@syncfusion/ej2-buttons": "~17.3.16",
        "@syncfusion/ej2-data": "~17.3.14"
      }
    },
    "@syncfusion/ej2-navigations": {
      "version": "17.3.17",
      "resolved": "https://registry.npmjs.org/@syncfusion/ej2-navigations/-/ej2-navigations-17.3.17.tgz",
      "integrity": "sha512-sphQ3Ts+IN3QeUGarEVQ6Qj4EKL4FvkbY31nBVGTim18WyMWvDEKL/E3w/MJJxMH+duJcF3z0VUtPlUi4ZPAuQ==",
      "requires": {
        "@syncfusion/ej2-base": "~17.3.16",
        "@syncfusion/ej2-buttons": "~17.3.16",
        "@syncfusion/ej2-data": "~17.3.14",
        "@syncfusion/ej2-inputs": "~17.3.17",
        "@syncfusion/ej2-lists": "~17.3.16",
        "@syncfusion/ej2-popups": "~17.3.16"
      }
    },
    "@syncfusion/ej2-popups": {
      "version": "17.3.16",
      "resolved": "https://registry.npmjs.org/@syncfusion/ej2-popups/-/ej2-popups-17.3.16.tgz",
      "integrity": "sha512-lyrFb04E3aQddxGRDorUHhAeYYkCUgsJy/9g9l033BGqzkZYU9dGrcRHtXzrmgqYeSUYmqGzKrokwLgkWPd0rQ==",
      "requires": {
        "@syncfusion/ej2-base": "~17.3.16",
        "@syncfusion/ej2-buttons": "~17.3.16"
      }
    },
    "@syncfusion/ej2-react-base": {
      "version": "17.3.16",
      "resolved": "https://registry.npmjs.org/@syncfusion/ej2-react-base/-/ej2-react-base-17.3.16.tgz",
      "integrity": "sha512-7GzqpFQ6Sm3FRxtROH+HM8iBfxnzsYavPIkVMWE9XW830Jzb8DGaAp8TCIa7p66Zn6eWUulVtds52xw6DiglDQ==",
      "requires": {
        "@syncfusion/ej2-base": "~17.3.16"
      }
    },
    "@syncfusion/ej2-react-schedule": {
      "version": "17.3.17",
      "resolved": "https://registry.npmjs.org/@syncfusion/ej2-react-schedule/-/ej2-react-schedule-17.3.17.tgz",
      "integrity": "sha512-EFvaFNPu1IQ1WbUV/YbQ6vN/NqqkpqU/b1vlbCfij15OIIXKH/xszRnqx5mdjBhqyPPMTk04X79Gv5w2DVLfGw==",
      "requires": {
        "@syncfusion/ej2-base": "~17.3.16",
        "@syncfusion/ej2-react-base": "~17.3.16",
        "@syncfusion/ej2-schedule": "17.3.17"
      }
    },
    "@syncfusion/ej2-schedule": {
      "version": "17.3.17",
      "resolved": "https://registry.npmjs.org/@syncfusion/ej2-schedule/-/ej2-schedule-17.3.17.tgz",
      "integrity": "sha512-B5V8Q7Khni6GPGJEojl3TULRAqUp0CEWulTW3vq8y4wmqOqxXxZOAXna1W+XXaLnPnSziqfwD6piIOv+KiSsBQ==",
      "requires": {
        "@syncfusion/ej2-base": "~17.3.16",
        "@syncfusion/ej2-buttons": "~17.3.16",
        "@syncfusion/ej2-calendars": "~17.3.17",
        "@syncfusion/ej2-data": "~17.3.14",
        "@syncfusion/ej2-dropdowns": "~17.3.17",
        "@syncfusion/ej2-excel-export": "~17.3.17",
        "@syncfusion/ej2-inputs": "~17.3.17",
        "@syncfusion/ej2-lists": "~17.3.16",
        "@syncfusion/ej2-navigations": "~17.3.17",
        "@syncfusion/ej2-popups": "~17.3.16"
      }
    },
    "@syncfusion/ej2-splitbuttons": {
      "version": "17.3.14",
      "resolved": "https://registry.npmjs.org/@syncfusion/ej2-splitbuttons/-/ej2-splitbuttons-17.3.14.tgz",
      "integrity": "sha512-POJ+Y9PkArwhoxUwiNURWLY8tXgAU/ao2sgXSuDx27HOGPV7Al7QDSoVx464GM2ghW99NxC6tOvIOAeXcXG6kQ==",
      "requires": {
        "@syncfusion/ej2-base": "~17.3.14",
        "@syncfusion/ej2-popups": "~17.3.14"
      }
    }
  }
}
